// !$*UTF8*$!
{
	archiveVersion = 1;
	classes = {
	};
	objectVersion = 46;
	objects = {

/* Begin PBXBuildFile section */
		9A025EB41DB713DA00A5CDEE /* EditViewController.swift in Sources */ = {isa = PBXBuildFile; fileRef = 9A025EB31DB713DA00A5CDEE /* EditViewController.swift */; };
		9A025EDC1DB76A4400A5CDEE /* MyTBViewController.swift in Sources */ = {isa = PBXBuildFile; fileRef = 9A025EDB1DB76A4400A5CDEE /* MyTBViewController.swift */; };
		9A025EDF1DB76DCE00A5CDEE /* MyNAVViewController.swift in Sources */ = {isa = PBXBuildFile; fileRef = 9A025EDE1DB76DCE00A5CDEE /* MyNAVViewController.swift */; };
		9A0645261DC052F7002B6936 /* MyDownLoadManger.swift in Sources */ = {isa = PBXBuildFile; fileRef = 9A0645251DC052F7002B6936 /* MyDownLoadManger.swift */; };
		9A0645281DC08F23002B6936 /* HomeApi.swift in Sources */ = {isa = PBXBuildFile; fileRef = 9A0645271DC08F23002B6936 /* HomeApi.swift */; };
		9A0A13431DB86FE600008C83 /* EditHeadView.swift in Sources */ = {isa = PBXBuildFile; fileRef = 9A0A13421DB86FE600008C83 /* EditHeadView.swift */; };
		9A0A13461DB89AAC00008C83 /* EditViewCell.swift in Sources */ = {isa = PBXBuildFile; fileRef = 9A0A13441DB89AAC00008C83 /* EditViewCell.swift */; };
		9A0F36D41DB62432007734FC /* MyColor.swift in Sources */ = {isa = PBXBuildFile; fileRef = 9A0F36D31DB62432007734FC /* MyColor.swift */; };
		9A109F531DBF012F00799C94 /* SetingViewController.swift in Sources */ = {isa = PBXBuildFile; fileRef = 9A109F521DBF012F00799C94 /* SetingViewController.swift */; };
		9A143CD81DB5B83300046C67 /* BaseViewController.swift in Sources */ = {isa = PBXBuildFile; fileRef = 9A143CD71DB5B83300046C67 /* BaseViewController.swift */; };
		9A143CDA1DB5C41500046C67 /* CustomSegmentControl.swift in Sources */ = {isa = PBXBuildFile; fileRef = 9A143CD91DB5C41500046C67 /* CustomSegmentControl.swift */; };
		9A143CDE1DB6014200046C67 /* UserMessageView.swift in Sources */ = {isa = PBXBuildFile; fileRef = 9A143CDD1DB6014200046C67 /* UserMessageView.swift */; };
		9A143CE01DB615DD00046C67 /* UserCellView.swift in Sources */ = {isa = PBXBuildFile; fileRef = 9A143CDF1DB615DD00046C67 /* UserCellView.swift */; };
		9A4293D61DBDEA3900918E4E /* DateModel.swift in Sources */ = {isa = PBXBuildFile; fileRef = 9A4293D51DBDEA3900918E4E /* DateModel.swift */; };
		9A4293D81DBDEA4700918E4E /* DateView.swift in Sources */ = {isa = PBXBuildFile; fileRef = 9A4293D71DBDEA4700918E4E /* DateView.swift */; };
		9A4293DA1DBE016400918E4E /* DayModel.swift in Sources */ = {isa = PBXBuildFile; fileRef = 9A4293D91DBE016400918E4E /* DayModel.swift */; };
		9A4293DC1DBE0B2000918E4E /* CustomPickView.swift in Sources */ = {isa = PBXBuildFile; fileRef = 9A4293DB1DBE0B2000918E4E /* CustomPickView.swift */; };
		9AAF27671DB4B47B0082DBDD /* AppDelegate.swift in Sources */ = {isa = PBXBuildFile; fileRef = 9AAF27661DB4B47B0082DBDD /* AppDelegate.swift */; };
		9AAF276C1DB4B47B0082DBDD /* Main.storyboard in Resources */ = {isa = PBXBuildFile; fileRef = 9AAF276A1DB4B47B0082DBDD /* Main.storyboard */; };
		9AAF276E1DB4B47B0082DBDD /* Assets.xcassets in Resources */ = {isa = PBXBuildFile; fileRef = 9AAF276D1DB4B47B0082DBDD /* Assets.xcassets */; };
		9AAF27711DB4B47B0082DBDD /* LaunchScreen.storyboard in Resources */ = {isa = PBXBuildFile; fileRef = 9AAF276F1DB4B47B0082DBDD /* LaunchScreen.storyboard */; };
		9AAF27791DB4B4C50082DBDD /* FirstViewController.swift in Sources */ = {isa = PBXBuildFile; fileRef = 9AAF27781DB4B4C50082DBDD /* FirstViewController.swift */; };
		9AAF277B1DB4B59A0082DBDD /* RGB.swift in Sources */ = {isa = PBXBuildFile; fileRef = 9AAF277A1DB4B59A0082DBDD /* RGB.swift */; };
		9AAF27811DB4BA010082DBDD /* SecondController.swift in Sources */ = {isa = PBXBuildFile; fileRef = 9AAF27801DB4BA010082DBDD /* SecondController.swift */; };
		9AAF27851DB4CC9C0082DBDD /* ThirdController.swift in Sources */ = {isa = PBXBuildFile; fileRef = 9AAF27841DB4CC9C0082DBDD /* ThirdController.swift */; };
		9AAF27871DB4CCA70082DBDD /* FourController.swift in Sources */ = {isa = PBXBuildFile; fileRef = 9AAF27861DB4CCA70082DBDD /* FourController.swift */; };
		9AAF27891DB4CCB50082DBDD /* FiveController.swift in Sources */ = {isa = PBXBuildFile; fileRef = 9AAF27881DB4CCB50082DBDD /* FiveController.swift */; };
/* End PBXBuildFile section */

/* Begin PBXFileReference section */
		9A025EB31DB713DA00A5CDEE /* EditViewController.swift */ = {isa = PBXFileReference; fileEncoding = 4; lastKnownFileType = sourcecode.swift; path = EditViewController.swift; sourceTree = "<group>"; };
		9A025EDB1DB76A4400A5CDEE /* MyTBViewController.swift */ = {isa = PBXFileReference; fileEncoding = 4; lastKnownFileType = sourcecode.swift; name = MyTBViewController.swift; path = ../MyTBViewController.swift; sourceTree = "<group>"; };
		9A025EDE1DB76DCE00A5CDEE /* MyNAVViewController.swift */ = {isa = PBXFileReference; fileEncoding = 4; lastKnownFileType = sourcecode.swift; path = MyNAVViewController.swift; sourceTree = "<group>"; };
		9A0645251DC052F7002B6936 /* MyDownLoadManger.swift */ = {isa = PBXFileReference; fileEncoding = 4; lastKnownFileType = sourcecode.swift; path = MyDownLoadManger.swift; sourceTree = "<group>"; };
		9A0645271DC08F23002B6936 /* HomeApi.swift */ = {isa = PBXFileReference; fileEncoding = 4; lastKnownFileType = sourcecode.swift; path = HomeApi.swift; sourceTree = "<group>"; };
		9A0A13421DB86FE600008C83 /* EditHeadView.swift */ = {isa = PBXFileReference; fileEncoding = 4; lastKnownFileType = sourcecode.swift; path = EditHeadView.swift; sourceTree = "<group>"; };
		9A0A13441DB89AAC00008C83 /* EditViewCell.swift */ = {isa = PBXFileReference; fileEncoding = 4; lastKnownFileType = sourcecode.swift; path = EditViewCell.swift; sourceTree = "<group>"; };
		9A0F36D31DB62432007734FC /* MyColor.swift */ = {isa = PBXFileReference; fileEncoding = 4; lastKnownFileType = sourcecode.swift; path = MyColor.swift; sourceTree = "<group>"; };
		9A109F521DBF012F00799C94 /* SetingViewController.swift */ = {isa = PBXFileReference; fileEncoding = 4; lastKnownFileType = sourcecode.swift; path = SetingViewController.swift; sourceTree = "<group>"; };
		9A143CD71DB5B83300046C67 /* BaseViewController.swift */ = {isa = PBXFileReference; fileEncoding = 4; lastKnownFileType = sourcecode.swift; name = BaseViewController.swift; path = ../BaseViewController.swift; sourceTree = "<group>"; };
		9A143CD91DB5C41500046C67 /* CustomSegmentControl.swift */ = {isa = PBXFileReference; fileEncoding = 4; lastKnownFileType = sourcecode.swift; name = CustomSegmentControl.swift; path = ../CustomSegmentControl.swift; sourceTree = "<group>"; };
		9A143CDD1DB6014200046C67 /* UserMessageView.swift */ = {isa = PBXFileReference; fileEncoding = 4; lastKnownFileType = sourcecode.swift; path = UserMessageView.swift; sourceTree = "<group>"; };
		9A143CDF1DB615DD00046C67 /* UserCellView.swift */ = {isa = PBXFileReference; fileEncoding = 4; lastKnownFileType = sourcecode.swift; path = UserCellView.swift; sourceTree = "<group>"; };
		9A4293D51DBDEA3900918E4E /* DateModel.swift */ = {isa = PBXFileReference; fileEncoding = 4; lastKnownFileType = sourcecode.swift; path = DateModel.swift; sourceTree = "<group>"; };
		9A4293D71DBDEA4700918E4E /* DateView.swift */ = {isa = PBXFileReference; fileEncoding = 4; lastKnownFileType = sourcecode.swift; path = DateView.swift; sourceTree = "<group>"; };
		9A4293D91DBE016400918E4E /* DayModel.swift */ = {isa = PBXFileReference; fileEncoding = 4; lastKnownFileType = sourcecode.swift; path = DayModel.swift; sourceTree = "<group>"; };
		9A4293DB1DBE0B2000918E4E /* CustomPickView.swift */ = {isa = PBXFileReference; fileEncoding = 4; lastKnownFileType = sourcecode.swift; path = CustomPickView.swift; sourceTree = "<group>"; };
		9AAF27631DB4B47B0082DBDD /* XVTablelView.app */ = {isa = PBXFileReference; explicitFileType = wrapper.application; includeInIndex = 0; path = XVTablelView.app; sourceTree = BUILT_PRODUCTS_DIR; };
		9AAF27661DB4B47B0082DBDD /* AppDelegate.swift */ = {isa = PBXFileReference; lastKnownFileType = sourcecode.swift; path = AppDelegate.swift; sourceTree = "<group>"; };
		9AAF276B1DB4B47B0082DBDD /* Base */ = {isa = PBXFileReference; lastKnownFileType = file.storyboard; name = Base; path = Base.lproj/Main.storyboard; sourceTree = "<group>"; };
		9AAF276D1DB4B47B0082DBDD /* Assets.xcassets */ = {isa = PBXFileReference; lastKnownFileType = folder.assetcatalog; path = Assets.xcassets; sourceTree = "<group>"; };
		9AAF27701DB4B47B0082DBDD /* Base */ = {isa = PBXFileReference; lastKnownFileType = file.storyboard; name = Base; path = Base.lproj/LaunchScreen.storyboard; sourceTree = "<group>"; };
		9AAF27721DB4B47B0082DBDD /* Info.plist */ = {isa = PBXFileReference; lastKnownFileType = text.plist.xml; path = Info.plist; sourceTree = "<group>"; };
		9AAF27781DB4B4C50082DBDD /* FirstViewController.swift */ = {isa = PBXFileReference; fileEncoding = 4; lastKnownFileType = sourcecode.swift; name = FirstViewController.swift; path = ../FirstViewController.swift; sourceTree = "<group>"; };
		9AAF277A1DB4B59A0082DBDD /* RGB.swift */ = {isa = PBXFileReference; fileEncoding = 4; lastKnownFileType = sourcecode.swift; name = RGB.swift; path = ../RGB.swift; sourceTree = "<group>"; };
		9AAF27801DB4BA010082DBDD /* SecondController.swift */ = {isa = PBXFileReference; fileEncoding = 4; lastKnownFileType = sourcecode.swift; path = SecondController.swift; sourceTree = "<group>"; };
		9AAF27841DB4CC9C0082DBDD /* ThirdController.swift */ = {isa = PBXFileReference; fileEncoding = 4; lastKnownFileType = sourcecode.swift; path = ThirdController.swift; sourceTree = "<group>"; };
		9AAF27861DB4CCA70082DBDD /* FourController.swift */ = {isa = PBXFileReference; fileEncoding = 4; lastKnownFileType = sourcecode.swift; path = FourController.swift; sourceTree = "<group>"; };
		9AAF27881DB4CCB50082DBDD /* FiveController.swift */ = {isa = PBXFileReference; fileEncoding = 4; lastKnownFileType = sourcecode.swift; path = FiveController.swift; sourceTree = "<group>"; };
/* End PBXFileReference section */

/* Begin PBXFrameworksBuildPhase section */
		9AAF27601DB4B47B0082DBDD /* Frameworks */ = {
			isa = PBXFrameworksBuildPhase;
			buildActionMask = 2147483647;
			files = (
			);
			runOnlyForDeploymentPostprocessing = 0;
		};
/* End PBXFrameworksBuildPhase section */

/* Begin PBXGroup section */
		9A025EB21DB713B600A5CDEE /* Controllers */ = {
			isa = PBXGroup;
			children = (
				9A025EB31DB713DA00A5CDEE /* EditViewController.swift */,
				9A109F521DBF012F00799C94 /* SetingViewController.swift */,
			);
			path = Controllers;
			sourceTree = "<group>";
		};
		9A025EDD1DB76AD800A5CDEE /* BaseController */ = {
			isa = PBXGroup;
			children = (
				9A025EDB1DB76A4400A5CDEE /* MyTBViewController.swift */,
				9A025EDE1DB76DCE00A5CDEE /* MyNAVViewController.swift */,
				9A143CD71DB5B83300046C67 /* BaseViewController.swift */,
			);
			path = BaseController;
			sourceTree = "<group>";
		};
		9A0645241DC052BF002B6936 /* NetWork */ = {
			isa = PBXGroup;
			children = (
				9A0645251DC052F7002B6936 /* MyDownLoadManger.swift */,
				9A0645271DC08F23002B6936 /* HomeApi.swift */,
			);
			path = NetWork;
			sourceTree = "<group>";
		};
		9A143CDB1DB6011600046C67 /* User */ = {
			isa = PBXGroup;
			children = (
				9A025EB21DB713B600A5CDEE /* Controllers */,
				9A143CDC1DB6011600046C67 /* Views */,
			);
			path = User;
			sourceTree = "<group>";
		};
		9A143CDC1DB6011600046C67 /* Views */ = {
			isa = PBXGroup;
			children = (
				9A143CDD1DB6014200046C67 /* UserMessageView.swift */,
				9A143CDF1DB615DD00046C67 /* UserCellView.swift */,
				9A0A13421DB86FE600008C83 /* EditHeadView.swift */,
				9A0A13441DB89AAC00008C83 /* EditViewCell.swift */,
			);
			path = Views;
			sourceTree = "<group>";
		};
		9A4293D41DBDEA2000918E4E /* 日历 */ = {
			isa = PBXGroup;
			children = (
				9A4293D51DBDEA3900918E4E /* DateModel.swift */,
				9A4293D91DBE016400918E4E /* DayModel.swift */,
				9A4293D71DBDEA4700918E4E /* DateView.swift */,
				9A4293DB1DBE0B2000918E4E /* CustomPickView.swift */,
			);
			path = "日历";
			sourceTree = "<group>";
		};
		9AAF275A1DB4B47B0082DBDD = {
			isa = PBXGroup;
			children = (
				9AAF27651DB4B47B0082DBDD /* XVTablelView */,
				9AAF27641DB4B47B0082DBDD /* Products */,
			);
			sourceTree = "<group>";
		};
		9AAF27641DB4B47B0082DBDD /* Products */ = {
			isa = PBXGroup;
			children = (
				9AAF27631DB4B47B0082DBDD /* XVTablelView.app */,
			);
			name = Products;
			sourceTree = "<group>";
		};
		9AAF27651DB4B47B0082DBDD /* XVTablelView */ = {
			isa = PBXGroup;
			children = (
				9AAF27661DB4B47B0082DBDD /* AppDelegate.swift */,
				9A0645241DC052BF002B6936 /* NetWork */,
				9A025EDD1DB76AD800A5CDEE /* BaseController */,
				9A143CDB1DB6011600046C67 /* User */,
				9AAF277C1DB4B8FD0082DBDD /* Class */,
				9AAF277D1DB4B9290082DBDD /* Tools */,
				9AAF276A1DB4B47B0082DBDD /* Main.storyboard */,
				9AAF276D1DB4B47B0082DBDD /* Assets.xcassets */,
				9AAF276F1DB4B47B0082DBDD /* LaunchScreen.storyboard */,
				9AAF27721DB4B47B0082DBDD /* Info.plist */,
			);
			path = XVTablelView;
			sourceTree = "<group>";
		};
		9AAF277C1DB4B8FD0082DBDD /* Class */ = {
			isa = PBXGroup;
			children = (
				9AAF27781DB4B4C50082DBDD /* FirstViewController.swift */,
				9AAF27801DB4BA010082DBDD /* SecondController.swift */,
				9AAF27841DB4CC9C0082DBDD /* ThirdController.swift */,
				9AAF27861DB4CCA70082DBDD /* FourController.swift */,
				9AAF27881DB4CCB50082DBDD /* FiveController.swift */,
			);
			path = Class;
			sourceTree = "<group>";
		};
		9AAF277D1DB4B9290082DBDD /* Tools */ = {
			isa = PBXGroup;
			children = (
				9A4293D41DBDEA2000918E4E /* 日历 */,
				9AAF277A1DB4B59A0082DBDD /* RGB.swift */,
				9A0F36D31DB62432007734FC /* MyColor.swift */,
				9A143CD91DB5C41500046C67 /* CustomSegmentControl.swift */,
			);
			path = Tools;
			sourceTree = "<group>";
		};
/* End PBXGroup section */

/* Begin PBXNativeTarget section */
		9AAF27621DB4B47B0082DBDD /* XVTablelView */ = {
			isa = PBXNativeTarget;
			buildConfigurationList = 9AAF27751DB4B47B0082DBDD /* Build configuration list for PBXNativeTarget "XVTablelView" */;
			buildPhases = (
				9AAF275F1DB4B47B0082DBDD /* Sources */,
				9AAF27601DB4B47B0082DBDD /* Frameworks */,
				9AAF27611DB4B47B0082DBDD /* Resources */,
			);
			buildRules = (
			);
			dependencies = (
			);
			name = XVTablelView;
			productName = XVTablelView;
			productReference = 9AAF27631DB4B47B0082DBDD /* XVTablelView.app */;
			productType = "com.apple.product-type.application";
		};
/* End PBXNativeTarget section */

/* Begin PBXProject section */
		9AAF275B1DB4B47B0082DBDD /* Project object */ = {
			isa = PBXProject;
			attributes = {
				LastSwiftUpdateCheck = 0800;
				LastUpgradeCheck = 0800;
				ORGANIZATIONNAME = "许菠菠";
				TargetAttributes = {
					9AAF27621DB4B47B0082DBDD = {
						CreatedOnToolsVersion = 8.0;
						DevelopmentTeam = KDWLXRW984;
						ProvisioningStyle = Automatic;
					};
				};
			};
			buildConfigurationList = 9AAF275E1DB4B47B0082DBDD /* Build configuration list for PBXProject "XVTablelView" */;
			compatibilityVersion = "Xcode 3.2";
			developmentRegion = English;
			hasScannedForEncodings = 0;
			knownRegions = (
				en,
				Base,
			);
			mainGroup = 9AAF275A1DB4B47B0082DBDD;
			productRefGroup = 9AAF27641DB4B47B0082DBDD /* Products */;
			projectDirPath = "";
			projectRoot = "";
			targets = (
				9AAF27621DB4B47B0082DBDD /* XVTablelView */,
			);
		};
/* End PBXProject section */

/* Begin PBXResourcesBuildPhase section */
		9AAF27611DB4B47B0082DBDD /* Resources */ = {
			isa = PBXResourcesBuildPhase;
			buildActionMask = 2147483647;
			files = (
				9AAF27711DB4B47B0082DBDD /* LaunchScreen.storyboard in Resources */,
				9AAF276E1DB4B47B0082DBDD /* Assets.xcassets in Resources */,
				9AAF276C1DB4B47B0082DBDD /* Main.storyboard in Resources */,
			);
			runOnlyForDeploymentPostprocessing = 0;
		};
/* End PBXResourcesBuildPhase section */

/* Begin PBXSourcesBuildPhase section */
		9AAF275F1DB4B47B0082DBDD /* Sources */ = {
			isa = PBXSourcesBuildPhase;
			buildActionMask = 2147483647;
			files = (
				9A0A13431DB86FE600008C83 /* EditHeadView.swift in Sources */,
				9A143CDA1DB5C41500046C67 /* CustomSegmentControl.swift in Sources */,
				9AAF27891DB4CCB50082DBDD /* FiveController.swift in Sources */,
				9AAF27791DB4B4C50082DBDD /* FirstViewController.swift in Sources */,
				9A143CE01DB615DD00046C67 /* UserCellView.swift in Sources */,
				9A4293D61DBDEA3900918E4E /* DateModel.swift in Sources */,
				9A109F531DBF012F00799C94 /* SetingViewController.swift in Sources */,
				9A143CD81DB5B83300046C67 /* BaseViewController.swift in Sources */,
				9A0F36D41DB62432007734FC /* MyColor.swift in Sources */,
				9A025EDF1DB76DCE00A5CDEE /* MyNAVViewController.swift in Sources */,
				9AAF27851DB4CC9C0082DBDD /* ThirdController.swift in Sources */,
				9A0645281DC08F23002B6936 /* HomeApi.swift in Sources */,
				9A025EB41DB713DA00A5CDEE /* EditViewController.swift in Sources */,
				9A0645261DC052F7002B6936 /* MyDownLoadManger.swift in Sources */,
				9AAF27671DB4B47B0082DBDD /* AppDelegate.swift in Sources */,
				9AAF27811DB4BA010082DBDD /* SecondController.swift in Sources */,
				9A0A13461DB89AAC00008C83 /* EditViewCell.swift in Sources */,
				9AAF277B1DB4B59A0082DBDD /* RGB.swift in Sources */,
				9A143CDE1DB6014200046C67 /* UserMessageView.swift in Sources */,
				9A4293DA1DBE016400918E4E /* DayModel.swift in Sources */,
				9A025EDC1DB76A4400A5CDEE /* MyTBViewController.swift in Sources */,
				9A4293D81DBDEA4700918E4E /* DateView.swift in Sources */,
				9AAF27871DB4CCA70082DBDD /* FourController.swift in Sources */,
				9A4293DC1DBE0B2000918E4E /* CustomPickView.swift in Sources */,
			);
			runOnlyForDeploymentPostprocessing = 0;
		};
/* End PBXSourcesBuildPhase section */

/* Begin PBXVariantGroup section */
		9AAF276A1DB4B47B0082DBDD /* Main.storyboard */ = {
			isa = PBXVariantGroup;
			children = (
				9AAF276B1DB4B47B0082DBDD /* Base */,
			);
			name = Main.storyboard;
			sourceTree = "<group>";
		};
		9AAF276F1DB4B47B0082DBDD /* LaunchScreen.storyboard */ = {
			isa = PBXVariantGroup;
			children = (
				9AAF27701DB4B47B0082DBDD /* Base */,
			);
			name = LaunchScreen.storyboard;
			sourceTree = "<group>";
		};
/* End PBXVariantGroup section */

/* Begin XCBuildConfiguration section */
		9AAF27731DB4B47B0082DBDD /* Debug */ = {
			isa = XCBuildConfiguration;
			buildSettings = {
				ALWAYS_SEARCH_USER_PATHS = NO;
				CLANG_ANALYZER_NONNULL = YES;
				CLANG_CXX_LANGUAGE_STANDARD = "gnu++0x";
				CLANG_CXX_LIBRARY = "libc++";
				CLANG_ENABLE_MODULES = YES;
				CLANG_ENABLE_OBJC_ARC = YES;
				CLANG_WARN_BOOL_CONVERSION = YES;
				CLANG_WARN_CONSTANT_CONVERSION = YES;
				CLANG_WARN_DIRECT_OBJC_ISA_USAGE = YES_ERROR;
				CLANG_WARN_DOCUMENTATION_COMMENTS = YES;
				CLANG_WARN_EMPTY_BODY = YES;
				CLANG_WARN_ENUM_CONVERSION = YES;
				CLANG_WARN_INFINITE_RECURSION = YES;
				CLANG_WARN_INT_CONVERSION = YES;
				CLANG_WARN_OBJC_ROOT_CLASS = YES_ERROR;
				CLANG_WARN_SUSPICIOUS_MOVES = YES;
				CLANG_WARN_UNREACHABLE_CODE = YES;
				CLANG_WARN__DUPLICATE_METHOD_MATCH = YES;
				"CODE_SIGN_IDENTITY[sdk=iphoneos*]" = "iPhone Developer";
				COPY_PHASE_STRIP = NO;
				DEBUG_INFORMATION_FORMAT = dwarf;
				ENABLE_STRICT_OBJC_MSGSEND = YES;
				ENABLE_TESTABILITY = YES;
				GCC_C_LANGUAGE_STANDARD = gnu99;
				GCC_DYNAMIC_NO_PIC = NO;
				GCC_NO_COMMON_BLOCKS = YES;
				GCC_OPTIMIZATION_LEVEL = 0;
				GCC_PREPROCESSOR_DEFINITIONS = (
					"DEBUG=1",
					"$(inherited)",
				);
				GCC_WARN_64_TO_32_BIT_CONVERSION = YES;
				GCC_WARN_ABOUT_RETURN_TYPE = YES_ERROR;
				GCC_WARN_UNDECLARED_SELECTOR = YES;
				GCC_WARN_UNINITIALIZED_AUTOS = YES_AGGRESSIVE;
				GCC_WARN_UNUSED_FUNCTION = YES;
				GCC_WARN_UNUSED_VARIABLE = YES;
				IPHONEOS_DEPLOYMENT_TARGET = 10.0;
				MTL_ENABLE_DEBUG_INFO = YES;
				ONLY_ACTIVE_ARCH = YES;
				SDKROOT = iphoneos;
				SWIFT_ACTIVE_COMPILATION_CONDITIONS = DEBUG;
				SWIFT_OPTIMIZATION_LEVEL = "-Onone";
				TARGETED_DEVICE_FAMILY = "1,2";
			};
			name = Debug;
		};
		9AAF27741DB4B47B0082DBDD /* Release */ = {
			isa = XCBuildConfiguration;
			buildSettings = {
				ALWAYS_SEARCH_USER_PATHS = NO;
				CLANG_ANALYZER_NONNULL = YES;
				CLANG_CXX_LANGUAGE_STANDARD = "gnu++0x";
				CLANG_CXX_LIBRARY = "libc++";
				CLANG_ENABLE_MODULES = YES;
				CLANG_ENABLE_OBJC_ARC = YES;
				CLANG_WARN_BOOL_CONVERSION = YES;
				CLANG_WARN_CONSTANT_CONVERSION = YES;
				CLANG_WARN_DIRECT_OBJC_ISA_USAGE = YES_ERROR;
				CLANG_WARN_DOCUMENTATION_COMMENTS = YES;
				CLANG_WARN_EMPTY_BODY = YES;
				CLANG_WARN_ENUM_CONVERSION = YES;
				CLANG_WARN_INFINITE_RECURSION = YES;
				CLANG_WARN_INT_CONVERSION = YES;
				CLANG_WARN_OBJC_ROOT_CLASS = YES_ERROR;
				CLANG_WARN_SUSPICIOUS_MOVES = YES;
				CLANG_WARN_UNREACHABLE_CODE = YES;
				CLANG_WARN__DUPLICATE_METHOD_MATCH = YES;
				"CODE_SIGN_IDENTITY[sdk=iphoneos*]" = "iPhone Developer";
				COPY_PHASE_STRIP = NO;
				DEBUG_INFORMATION_FORMAT = "dwarf-with-dsym";
				ENABLE_NS_ASSERTIONS = NO;
				ENABLE_STRICT_OBJC_MSGSEND = YES;
				GCC_C_LANGUAGE_STANDARD = gnu99;
				GCC_NO_COMMON_BLOCKS = YES;
				GCC_WARN_64_TO_32_BIT_CONVERSION = YES;
				GCC_WARN_ABOUT_RETURN_TYPE = YES_ERROR;
				GCC_WARN_UNDECLARED_SELECTOR = YES;
				GCC_WARN_UNINITIALIZED_AUTOS = YES_AGGRESSIVE;
				GCC_WARN_UNUSED_FUNCTION = YES;
				GCC_WARN_UNUSED_VARIABLE = YES;
				IPHONEOS_DEPLOYMENT_TARGET = 10.0;
				MTL_ENABLE_DEBUG_INFO = NO;
				SDKROOT = iphoneos;
				SWIFT_OPTIMIZATION_LEVEL = "-Owholemodule";
				TARGETED_DEVICE_FAMILY = "1,2";
				VALIDATE_PRODUCT = YES;
			};
			name = Release;
		};
		9AAF27761DB4B47B0082DBDD /* Debug */ = {
			isa = XCBuildConfiguration;
			buildSettings = {
				ASSETCATALOG_COMPILER_APPICON_NAME = AppIcon;
				DEVELOPMENT_TEAM = KDWLXRW984;
				INFOPLIST_FILE = XVTablelView/Info.plist;
				LD_RUNPATH_SEARCH_PATHS = "$(inherited) @executable_path/Frameworks";
				PRODUCT_BUNDLE_IDENTIFIER = xvbobo.XVTablelView;
				PRODUCT_NAME = "$(TARGET_NAME)";
				SWIFT_VERSION = 3.0;
			};
			name = Debug;
		};
		9AAF27771DB4B47B0082DBDD /* Release */ = {
			isa = XCBuildConfiguration;
			buildSettings = {
				ASSETCATALOG_COMPILER_APPICON_NAME = AppIcon;
				DEVELOPMENT_TEAM = KDWLXRW984;
				INFOPLIST_FILE = XVTablelView/Info.plist;
				LD_RUNPATH_SEARCH_PATHS = "$(inherited) @executable_path/Frameworks";
				PRODUCT_BUNDLE_IDENTIFIER = xvbobo.XVTablelView;
				PRODUCT_NAME = "$(TARGET_NAME)";
				SWIFT_VERSION = 3.0;
			};
			name = Release;
		};
/* End XCBuildConfiguration section */

/* Begin XCConfigurationList section */
		9AAF275E1DB4B47B0082DBDD /* Build configuration list for PBXProject "XVTablelView" */ = {
			isa = XCConfigurationList;
			buildConfigurations = (
				9AAF27731DB4B47B0082DBDD /* Debug */,
				9AAF27741DB4B47B0082DBDD /* Release */,
			);
			defaultConfigurationIsVisible = 0;
			defaultConfigurationName = Release;
		};
		9AAF27751DB4B47B0082DBDD /* Build configuration list for PBXNativeTarget "XVTablelView" */ = {
			isa = XCConfigurationList;
			buildConfigurations = (
				9AAF27761DB4B47B0082DBDD /* Debug */,
				9AAF27771DB4B47B0082DBDD /* Release */,
			);
			defaultConfigurationIsVisible = 0;
			defaultConfigurationName = Release;
		};
/* End XCConfigurationList section */
	};
	rootObject = 9AAF275B1DB4B47B0082DBDD /* Project object */;
}
